<Solution>
  <Folder Name="/src/">
    <Project Path="src/InsightDocs.Api/InsightDocs.Api.csproj" />
    <Project Path="src/InsightDocs.Application/InsightDocs.Application.csproj" />
    <Project Path="src/InsightDocs.Domain/InsightDocs.Domain.csproj" />
    <Project Path="src/InsightDocs.Infrastructure/InsightDocs.Infrastructure.csproj" />
  </Folder>
  <Folder Name="/tests/">
    <Project Path="tests/InsightDocs.Backend.Tests/InsightDocs.Backend.Tests.csproj" />
  </Folder>
</Solution>
